
Microsoft Visual Studio Solution File, Format Version 12.00
# Visual Studio Version 16
VisualStudioVersion = 16.0.29409.12
MinimumVisualStudioVersion = 10.0.40219.1
Project("{FAE04EC0-301F-11D3-BF4B-00C04F79EFBC}") = "MarioUbilla3A", "MarioUbilla3A\MarioUbilla3A.csproj", "{05E8C504-3B49-4A37-B080-2DA1F685C01C}"
EndProject
Global
	GlobalSection(SolutionConfigurationPlatforms) = preSolution
		Debug|Any CPU = Debug|Any CPU
		Release|Any CPU = Release|Any CPU
	EndGlobalSection
	GlobalSection(ProjectConfigurationPlatforms) = postSolution
		{05E8C504-3B49-4A37-B080-2DA1F685C01C}.Debug|Any CPU.ActiveCfg = Debug|Any CPU
		{05E8C504-3B49-4A37-B080-2DA1F685C01C}.Debug|Any CPU.Build.0 = Debug|Any CPU
		{05E8C504-3B49-4A37-B080-2DA1F685C01C}.Release|Any CPU.ActiveCfg = Release|Any CPU
		{05E8C504-3B49-4A37-B080-2DA1F685C01C}.Release|Any CPU.Build.0 = Release|Any CPU
	EndGlobalSection
	GlobalSection(SolutionProperties) = preSolution
		HideSolutionNode = FALSE
	EndGlobalSection
	GlobalSection(ExtensibilityGlobals) = postSolution
		SolutionGuid = {D7F77860-BF85-4AB7-97CD-B4DC7012C99D}
	EndGlobalSection
EndGlobal
